
Microsoft Visual Studio Solution File, Format Version 12.00
# Visual Studio Version 17
VisualStudioVersion = 17.9.34701.34
MinimumVisualStudioVersion = 10.0.40219.1
Project("{FAE04EC0-301F-11D3-BF4B-00C04F79EFBC}") = "05_Donguler", "05_Döngüler\05_Donguler.csproj", "{E872ACD4-5AE4-4AE7-BF8C-19B70FF5B0B5}"
EndProject
Project("{FAE04EC0-301F-11D3-BF4B-00C04F79EFBC}") = "06_Diziler", "06_Diziler\06_Diziler.csproj", "{B39D96BF-4D09-478A-92E2-F23BEB861086}"
EndProject
Project("{FAE04EC0-301F-11D3-BF4B-00C04F79EFBC}") = "07_Foreach", "07_Foreach\07_Foreach.csproj", "{1347FA7B-32B7-4666-959E-784C83FBD689}"
EndProject
Project("{FAE04EC0-301F-11D3-BF4B-00C04F79EFBC}") = "08_Metotlar", "08_Metotlar\08_Metotlar.csproj", "{D0BF7F0F-86D2-40D2-9B69-F35764B35CB9}"
EndProject
Project("{9A19103F-16F7-4668-BE54-9A1E7A4F7556}") = "01_Giris", "01_Giris\01_Giris.csproj", "{BCE44254-6F1C-4DDB-BBDF-824D2BC45CAC}"
EndProject
Project("{9A19103F-16F7-4668-BE54-9A1E7A4F7556}") = "02_Degiskenler", "02_Degiskenler\02_Degiskenler.csproj", "{BB0C3731-61A4-4DFB-9C8A-5F0BFAC87F45}"
EndProject
Project("{9A19103F-16F7-4668-BE54-9A1E7A4F7556}") = "04_AkisKontorlMekanizmalari", "04_AkisKontorlMekanizmalari\04_AkisKontorlMekanizmalari.csproj", "{E5DA18AA-CECB-4584-8458-61F7D8B7014E}"
EndProject
Project("{FAE04EC0-301F-11D3-BF4B-00C04F79EFBC}") = "00_BankaUygulaması", "00_BankaUygulaması\00_BankaUygulaması.csproj", "{E56B3DBF-02C1-42AA-A58C-939CF50D24B2}"
EndProject
Global
	GlobalSection(SolutionConfigurationPlatforms) = preSolution
		Debug|Any CPU = Debug|Any CPU
		Release|Any CPU = Release|Any CPU
	EndGlobalSection
	GlobalSection(ProjectConfigurationPlatforms) = postSolution
		{E872ACD4-5AE4-4AE7-BF8C-19B70FF5B0B5}.Debug|Any CPU.ActiveCfg = Debug|Any CPU
		{E872ACD4-5AE4-4AE7-BF8C-19B70FF5B0B5}.Debug|Any CPU.Build.0 = Debug|Any CPU
		{E872ACD4-5AE4-4AE7-BF8C-19B70FF5B0B5}.Release|Any CPU.ActiveCfg = Release|Any CPU
		{E872ACD4-5AE4-4AE7-BF8C-19B70FF5B0B5}.Release|Any CPU.Build.0 = Release|Any CPU
		{B39D96BF-4D09-478A-92E2-F23BEB861086}.Debug|Any CPU.ActiveCfg = Debug|Any CPU
		{B39D96BF-4D09-478A-92E2-F23BEB861086}.Debug|Any CPU.Build.0 = Debug|Any CPU
		{B39D96BF-4D09-478A-92E2-F23BEB861086}.Release|Any CPU.ActiveCfg = Release|Any CPU
		{B39D96BF-4D09-478A-92E2-F23BEB861086}.Release|Any CPU.Build.0 = Release|Any CPU
		{1347FA7B-32B7-4666-959E-784C83FBD689}.Debug|Any CPU.ActiveCfg = Debug|Any CPU
		{1347FA7B-32B7-4666-959E-784C83FBD689}.Debug|Any CPU.Build.0 = Debug|Any CPU
		{1347FA7B-32B7-4666-959E-784C83FBD689}.Release|Any CPU.ActiveCfg = Release|Any CPU
		{1347FA7B-32B7-4666-959E-784C83FBD689}.Release|Any CPU.Build.0 = Release|Any CPU
		{D0BF7F0F-86D2-40D2-9B69-F35764B35CB9}.Debug|Any CPU.ActiveCfg = Debug|Any CPU
		{D0BF7F0F-86D2-40D2-9B69-F35764B35CB9}.Debug|Any CPU.Build.0 = Debug|Any CPU
		{D0BF7F0F-86D2-40D2-9B69-F35764B35CB9}.Release|Any CPU.ActiveCfg = Release|Any CPU
		{D0BF7F0F-86D2-40D2-9B69-F35764B35CB9}.Release|Any CPU.Build.0 = Release|Any CPU
		{BCE44254-6F1C-4DDB-BBDF-824D2BC45CAC}.Debug|Any CPU.ActiveCfg = Debug|Any CPU
		{BCE44254-6F1C-4DDB-BBDF-824D2BC45CAC}.Debug|Any CPU.Build.0 = Debug|Any CPU
		{BCE44254-6F1C-4DDB-BBDF-824D2BC45CAC}.Release|Any CPU.ActiveCfg = Release|Any CPU
		{BCE44254-6F1C-4DDB-BBDF-824D2BC45CAC}.Release|Any CPU.Build.0 = Release|Any CPU
		{BB0C3731-61A4-4DFB-9C8A-5F0BFAC87F45}.Debug|Any CPU.ActiveCfg = Debug|Any CPU
		{BB0C3731-61A4-4DFB-9C8A-5F0BFAC87F45}.Debug|Any CPU.Build.0 = Debug|Any CPU
		{BB0C3731-61A4-4DFB-9C8A-5F0BFAC87F45}.Release|Any CPU.ActiveCfg = Release|Any CPU
		{BB0C3731-61A4-4DFB-9C8A-5F0BFAC87F45}.Release|Any CPU.Build.0 = Release|Any CPU
		{E5DA18AA-CECB-4584-8458-61F7D8B7014E}.Debug|Any CPU.ActiveCfg = Debug|Any CPU
		{E5DA18AA-CECB-4584-8458-61F7D8B7014E}.Debug|Any CPU.Build.0 = Debug|Any CPU
		{E5DA18AA-CECB-4584-8458-61F7D8B7014E}.Release|Any CPU.ActiveCfg = Release|Any CPU
		{E5DA18AA-CECB-4584-8458-61F7D8B7014E}.Release|Any CPU.Build.0 = Release|Any CPU
		{E56B3DBF-02C1-42AA-A58C-939CF50D24B2}.Debug|Any CPU.ActiveCfg = Debug|Any CPU
		{E56B3DBF-02C1-42AA-A58C-939CF50D24B2}.Debug|Any CPU.Build.0 = Debug|Any CPU
		{E56B3DBF-02C1-42AA-A58C-939CF50D24B2}.Release|Any CPU.ActiveCfg = Release|Any CPU
		{E56B3DBF-02C1-42AA-A58C-939CF50D24B2}.Release|Any CPU.Build.0 = Release|Any CPU
	EndGlobalSection
	GlobalSection(SolutionProperties) = preSolution
		HideSolutionNode = FALSE
	EndGlobalSection
	GlobalSection(ExtensibilityGlobals) = postSolution
		SolutionGuid = {DA9A4053-DCF3-414A-9B4F-DF335C0BD1C4}
	EndGlobalSection
EndGlobal
