
Microsoft Visual Studio Solution File, Format Version 12.00
# Visual Studio Version 17
VisualStudioVersion = 17.9.34701.34
MinimumVisualStudioVersion = 10.0.40219.1
Project("{9A19103F-16F7-4668-BE54-9A1E7A4F7556}") = "01_Giris", "Giris\01_Giris.csproj", "{51770034-060E-4B04-8674-930CB470C08A}"
EndProject
Project("{9A19103F-16F7-4668-BE54-9A1E7A4F7556}") = "02_Degiskenler", "Degiskenler\02_Degiskenler.csproj", "{E16180A5-1B88-4E33-86EE-21E2F5A91A5B}"
EndProject
Project("{9A19103F-16F7-4668-BE54-9A1E7A4F7556}") = "03_Operatorler", "Operatorler\03_Operatorler.csproj", "{5CE69A10-4EDF-4837-A0D8-046CABF1EC3F}"
EndProject
Project("{9A19103F-16F7-4668-BE54-9A1E7A4F7556}") = "04_AkisKontorlMekanizmalari", "AkisKontorlMekanizmalari\04_AkisKontorlMekanizmalari.csproj", "{13C75FC7-585A-424E-B8ED-EC0BEFA728A4}"
EndProject
Project("{FAE04EC0-301F-11D3-BF4B-00C04F79EFBC}") = "05_Donguler", "05_Döngüler\05_Donguler.csproj", "{E872ACD4-5AE4-4AE7-BF8C-19B70FF5B0B5}"
EndProject
Project("{FAE04EC0-301F-11D3-BF4B-00C04F79EFBC}") = "06_Diziler", "06_Diziler\06_Diziler.csproj", "{B39D96BF-4D09-478A-92E2-F23BEB861086}"
EndProject
Project("{FAE04EC0-301F-11D3-BF4B-00C04F79EFBC}") = "07_Foreach", "07_Foreach\07_Foreach.csproj", "{1347FA7B-32B7-4666-959E-784C83FBD689}"
EndProject
Project("{FAE04EC0-301F-11D3-BF4B-00C04F79EFBC}") = "08_Metotlar", "08_Metotlar\08_Metotlar.csproj", "{D0BF7F0F-86D2-40D2-9B69-F35764B35CB9}"
EndProject
Global
	GlobalSection(SolutionConfigurationPlatforms) = preSolution
		Debug|Any CPU = Debug|Any CPU
		Release|Any CPU = Release|Any CPU
	EndGlobalSection
	GlobalSection(ProjectConfigurationPlatforms) = postSolution
		{51770034-060E-4B04-8674-930CB470C08A}.Debug|Any CPU.ActiveCfg = Debug|Any CPU
		{51770034-060E-4B04-8674-930CB470C08A}.Debug|Any CPU.Build.0 = Debug|Any CPU
		{51770034-060E-4B04-8674-930CB470C08A}.Release|Any CPU.ActiveCfg = Release|Any CPU
		{51770034-060E-4B04-8674-930CB470C08A}.Release|Any CPU.Build.0 = Release|Any CPU
		{E16180A5-1B88-4E33-86EE-21E2F5A91A5B}.Debug|Any CPU.ActiveCfg = Debug|Any CPU
		{E16180A5-1B88-4E33-86EE-21E2F5A91A5B}.Debug|Any CPU.Build.0 = Debug|Any CPU
		{E16180A5-1B88-4E33-86EE-21E2F5A91A5B}.Release|Any CPU.ActiveCfg = Release|Any CPU
		{E16180A5-1B88-4E33-86EE-21E2F5A91A5B}.Release|Any CPU.Build.0 = Release|Any CPU
		{5CE69A10-4EDF-4837-A0D8-046CABF1EC3F}.Debug|Any CPU.ActiveCfg = Debug|Any CPU
		{5CE69A10-4EDF-4837-A0D8-046CABF1EC3F}.Debug|Any CPU.Build.0 = Debug|Any CPU
		{5CE69A10-4EDF-4837-A0D8-046CABF1EC3F}.Release|Any CPU.ActiveCfg = Release|Any CPU
		{5CE69A10-4EDF-4837-A0D8-046CABF1EC3F}.Release|Any CPU.Build.0 = Release|Any CPU
		{13C75FC7-585A-424E-B8ED-EC0BEFA728A4}.Debug|Any CPU.ActiveCfg = Debug|Any CPU
		{13C75FC7-585A-424E-B8ED-EC0BEFA728A4}.Debug|Any CPU.Build.0 = Debug|Any CPU
		{13C75FC7-585A-424E-B8ED-EC0BEFA728A4}.Release|Any CPU.ActiveCfg = Release|Any CPU
		{13C75FC7-585A-424E-B8ED-EC0BEFA728A4}.Release|Any CPU.Build.0 = Release|Any CPU
		{E872ACD4-5AE4-4AE7-BF8C-19B70FF5B0B5}.Debug|Any CPU.ActiveCfg = Debug|Any CPU
		{E872ACD4-5AE4-4AE7-BF8C-19B70FF5B0B5}.Debug|Any CPU.Build.0 = Debug|Any CPU
		{E872ACD4-5AE4-4AE7-BF8C-19B70FF5B0B5}.Release|Any CPU.ActiveCfg = Release|Any CPU
		{E872ACD4-5AE4-4AE7-BF8C-19B70FF5B0B5}.Release|Any CPU.Build.0 = Release|Any CPU
		{B39D96BF-4D09-478A-92E2-F23BEB861086}.Debug|Any CPU.ActiveCfg = Debug|Any CPU
		{B39D96BF-4D09-478A-92E2-F23BEB861086}.Debug|Any CPU.Build.0 = Debug|Any CPU
		{B39D96BF-4D09-478A-92E2-F23BEB861086}.Release|Any CPU.ActiveCfg = Release|Any CPU
		{B39D96BF-4D09-478A-92E2-F23BEB861086}.Release|Any CPU.Build.0 = Release|Any CPU
		{1347FA7B-32B7-4666-959E-784C83FBD689}.Debug|Any CPU.ActiveCfg = Debug|Any CPU
		{1347FA7B-32B7-4666-959E-784C83FBD689}.Debug|Any CPU.Build.0 = Debug|Any CPU
		{1347FA7B-32B7-4666-959E-784C83FBD689}.Release|Any CPU.ActiveCfg = Release|Any CPU
		{1347FA7B-32B7-4666-959E-784C83FBD689}.Release|Any CPU.Build.0 = Release|Any CPU
		{D0BF7F0F-86D2-40D2-9B69-F35764B35CB9}.Debug|Any CPU.ActiveCfg = Debug|Any CPU
		{D0BF7F0F-86D2-40D2-9B69-F35764B35CB9}.Debug|Any CPU.Build.0 = Debug|Any CPU
		{D0BF7F0F-86D2-40D2-9B69-F35764B35CB9}.Release|Any CPU.ActiveCfg = Release|Any CPU
		{D0BF7F0F-86D2-40D2-9B69-F35764B35CB9}.Release|Any CPU.Build.0 = Release|Any CPU
	EndGlobalSection
	GlobalSection(SolutionProperties) = preSolution
		HideSolutionNode = FALSE
	EndGlobalSection
	GlobalSection(ExtensibilityGlobals) = postSolution
		SolutionGuid = {DA9A4053-DCF3-414A-9B4F-DF335C0BD1C4}
	EndGlobalSection
EndGlobal
